// !$*UTF8*$!
{
	archiveVersion = 1;
	classes = {
	};
	objectVersion = 55;
	objects = {

/* Begin PBXBuildFile section */
		4873D2BA283C50E400B52223 /* gameboy.cpp in Sources */ = {isa = PBXBuildFile; fileRef = 4873D2B9283C50E400B52223 /* gameboy.cpp */; };
/* End PBXBuildFile section */

/* Begin PBXCopyFilesBuildPhase section */
		4873D2AD283C50A500B52223 /* CopyFiles */ = {
			isa = PBXCopyFilesBuildPhase;
			buildActionMask = 2147483647;
			dstPath = /usr/share/man/man1/;
			dstSubfolderSpec = 0;
			files = (
			);
			runOnlyForDeploymentPostprocessing = 1;
		};
/* End PBXCopyFilesBuildPhase section */

/* Begin PBXFileReference section */
		4873D2AF283C50A500B52223 /* gb_emulator */ = {isa = PBXFileReference; explicitFileType = "compiled.mach-o.executable"; includeInIndex = 0; path = gb_emulator; sourceTree = BUILT_PRODUCTS_DIR; };
		4873D2B9283C50E400B52223 /* gameboy.cpp */ = {isa = PBXFileReference; lastKnownFileType = sourcecode.cpp.cpp; path = gameboy.cpp; sourceTree = "<group>"; };
		4873D2BB283C51A600B52223 /* Gameboy (LR35902) OPCODES.pdf */ = {isa = PBXFileReference; lastKnownFileType = image.pdf; path = "Gameboy (LR35902) OPCODES.pdf"; sourceTree = "<group>"; };
		4873D2BC283C51B400B52223 /* GameBoyProgManVer1.1.pdf */ = {isa = PBXFileReference; lastKnownFileType = image.pdf; path = GameBoyProgManVer1.1.pdf; sourceTree = "<group>"; };
		4873D2BD283C51F000B52223 /* README.md */ = {isa = PBXFileReference; lastKnownFileType = net.daringfireball.markdown; path = README.md; sourceTree = SOURCE_ROOT; };
		4873D2BF283C56E400B52223 /* pokemon_red.gb */ = {isa = PBXFileReference; lastKnownFileType = file; path = pokemon_red.gb; sourceTree = "<group>"; };
		4873D2C1283C577500B52223 /* The Cycle-Accurate Game Boy Docs.pdf */ = {isa = PBXFileReference; lastKnownFileType = image.pdf; path = "The Cycle-Accurate Game Boy Docs.pdf"; sourceTree = "<group>"; };
		4873D2C3283C597F00B52223 /* emulator.cpp */ = {isa = PBXFileReference; lastKnownFileType = sourcecode.cpp.cpp; path = emulator.cpp; sourceTree = "<group>"; };
		4873D2C5283C5E1F00B52223 /* SDL2 */ = {isa = PBXFileReference; lastKnownFileType = folder; path = SDL2; sourceTree = "<group>"; };
		4873D2C7283C5E9100B52223 /* libSDL2_test.a */ = {isa = PBXFileReference; lastKnownFileType = archive.ar; path = libSDL2_test.a; sourceTree = "<group>"; };
		4873D2C8283C5E9100B52223 /* libSDL2main.a */ = {isa = PBXFileReference; lastKnownFileType = archive.ar; path = libSDL2main.a; sourceTree = "<group>"; };
		4873D2C9283C5E9100B52223 /* libSDL2.a */ = {isa = PBXFileReference; lastKnownFileType = archive.ar; path = libSDL2.a; sourceTree = "<group>"; };
		4873D2CA283C5E9100B52223 /* pkgconfig */ = {isa = PBXFileReference; lastKnownFileType = folder; path = pkgconfig; sourceTree = "<group>"; };
		4873D2CB283C5E9100B52223 /* libSDL2.dylib */ = {isa = PBXFileReference; lastKnownFileType = "compiled.mach-o.dylib"; path = libSDL2.dylib; sourceTree = "<group>"; };
		4873D2CC283C5E9100B52223 /* libSDL2-2.0.0.dylib */ = {isa = PBXFileReference; lastKnownFileType = "compiled.mach-o.dylib"; path = "libSDL2-2.0.0.dylib"; sourceTree = "<group>"; };
		4873D2CD283C5E9100B52223 /* cmake */ = {isa = PBXFileReference; lastKnownFileType = folder; path = cmake; sourceTree = "<group>"; };
		4873D2CE283C619A00B52223 /* cartridge.cpp */ = {isa = PBXFileReference; lastKnownFileType = sourcecode.cpp.cpp; path = cartridge.cpp; sourceTree = "<group>"; };
		4873D2CF283C61A600B52223 /* cpu.cpp */ = {isa = PBXFileReference; lastKnownFileType = sourcecode.cpp.cpp; path = cpu.cpp; sourceTree = "<group>"; };
/* End PBXFileReference section */

/* Begin PBXFrameworksBuildPhase section */
		4873D2AC283C50A500B52223 /* Frameworks */ = {
			isa = PBXFrameworksBuildPhase;
			buildActionMask = 2147483647;
			files = (
			);
			runOnlyForDeploymentPostprocessing = 0;
		};
/* End PBXFrameworksBuildPhase section */

/* Begin PBXGroup section */
		4873D2A6283C50A500B52223 = {
			isa = PBXGroup;
			children = (
				4873D2BD283C51F000B52223 /* README.md */,
				4873D2C0283C571900B52223 /* docs */,
				4873D2BE283C56BD00B52223 /* roms */,
				4873D2C2283C58A300B52223 /* tests */,
				4873D2C4283C5DE900B52223 /* include */,
				4873D2C6283C5E7D00B52223 /* lib */,
				4873D2C3283C597F00B52223 /* emulator.cpp */,
				4873D2B9283C50E400B52223 /* gameboy.cpp */,
				4873D2CE283C619A00B52223 /* cartridge.cpp */,
				4873D2CF283C61A600B52223 /* cpu.cpp */,
				4873D2B0283C50A500B52223 /* Products */,
			);
			sourceTree = "<group>";
		};
		4873D2B0283C50A500B52223 /* Products */ = {
			isa = PBXGroup;
			children = (
				4873D2AF283C50A500B52223 /* gb_emulator */,
			);
			name = Products;
			sourceTree = "<group>";
		};
		4873D2BE283C56BD00B52223 /* roms */ = {
			isa = PBXGroup;
			children = (
				4873D2BF283C56E400B52223 /* pokemon_red.gb */,
			);
			path = roms;
			sourceTree = "<group>";
		};
		4873D2C0283C571900B52223 /* docs */ = {
			isa = PBXGroup;
			children = (
				4873D2C1283C577500B52223 /* The Cycle-Accurate Game Boy Docs.pdf */,
				4873D2BB283C51A600B52223 /* Gameboy (LR35902) OPCODES.pdf */,
				4873D2BC283C51B400B52223 /* GameBoyProgManVer1.1.pdf */,
			);
			path = docs;
			sourceTree = "<group>";
		};
		4873D2C2283C58A300B52223 /* tests */ = {
			isa = PBXGroup;
			children = (
			);
			path = tests;
			sourceTree = "<group>";
		};
		4873D2C4283C5DE900B52223 /* include */ = {
			isa = PBXGroup;
			children = (
				4873D2C5283C5E1F00B52223 /* SDL2 */,
			);
			path = include;
			sourceTree = "<group>";
		};
		4873D2C6283C5E7D00B52223 /* lib */ = {
			isa = PBXGroup;
			children = (
				4873D2CD283C5E9100B52223 /* cmake */,
				4873D2C7283C5E9100B52223 /* libSDL2_test.a */,
				4873D2CC283C5E9100B52223 /* libSDL2-2.0.0.dylib */,
				4873D2C9283C5E9100B52223 /* libSDL2.a */,
				4873D2CB283C5E9100B52223 /* libSDL2.dylib */,
				4873D2C8283C5E9100B52223 /* libSDL2main.a */,
				4873D2CA283C5E9100B52223 /* pkgconfig */,
			);
			path = lib;
			sourceTree = "<group>";
		};
/* End PBXGroup section */

/* Begin PBXNativeTarget section */
		4873D2AE283C50A500B52223 /* gb_emulator */ = {
			isa = PBXNativeTarget;
			buildConfigurationList = 4873D2B6283C50A500B52223 /* Build configuration list for PBXNativeTarget "gb_emulator" */;
			buildPhases = (
				4873D2AB283C50A500B52223 /* Sources */,
				4873D2AC283C50A500B52223 /* Frameworks */,
				4873D2AD283C50A500B52223 /* CopyFiles */,
			);
			buildRules = (
			);
			dependencies = (
			);
			name = gb_emulator;
			productName = gb_emulator;
			productReference = 4873D2AF283C50A500B52223 /* gb_emulator */;
			productType = "com.apple.product-type.tool";
		};
/* End PBXNativeTarget section */

/* Begin PBXProject section */
		4873D2A7283C50A500B52223 /* Project object */ = {
			isa = PBXProject;
			attributes = {
				BuildIndependentTargetsInParallel = 1;
				LastUpgradeCheck = 1330;
				TargetAttributes = {
					4873D2AE283C50A500B52223 = {
						CreatedOnToolsVersion = 13.3.1;
					};
				};
			};
			buildConfigurationList = 4873D2AA283C50A500B52223 /* Build configuration list for PBXProject "gb_emulator" */;
			compatibilityVersion = "Xcode 13.0";
			developmentRegion = en;
			hasScannedForEncodings = 0;
			knownRegions = (
				en,
				Base,
			);
			mainGroup = 4873D2A6283C50A500B52223;
			productRefGroup = 4873D2B0283C50A500B52223 /* Products */;
			projectDirPath = "";
			projectRoot = "";
			targets = (
				4873D2AE283C50A500B52223 /* gb_emulator */,
			);
		};
/* End PBXProject section */

/* Begin PBXSourcesBuildPhase section */
		4873D2AB283C50A500B52223 /* Sources */ = {
			isa = PBXSourcesBuildPhase;
			buildActionMask = 2147483647;
			files = (
				4873D2BA283C50E400B52223 /* gameboy.cpp in Sources */,
			);
			runOnlyForDeploymentPostprocessing = 0;
		};
/* End PBXSourcesBuildPhase section */

/* Begin XCBuildConfiguration section */
		4873D2B4283C50A500B52223 /* Debug */ = {
			isa = XCBuildConfiguration;
			buildSettings = {
				ALWAYS_SEARCH_USER_PATHS = NO;
				CLANG_ANALYZER_NONNULL = YES;
				CLANG_ANALYZER_NUMBER_OBJECT_CONVERSION = YES_AGGRESSIVE;
				CLANG_CXX_LANGUAGE_STANDARD = "c++20";
				CLANG_ENABLE_MODULES = YES;
				CLANG_ENABLE_OBJC_ARC = YES;
				CLANG_ENABLE_OBJC_WEAK = YES;
				CLANG_WARN_BLOCK_CAPTURE_AUTORELEASING = YES;
				CLANG_WARN_BOOL_CONVERSION = YES;
				CLANG_WARN_COMMA = YES;
				CLANG_WARN_CONSTANT_CONVERSION = YES;
				CLANG_WARN_DEPRECATED_OBJC_IMPLEMENTATIONS = YES;
				CLANG_WARN_DIRECT_OBJC_ISA_USAGE = YES_ERROR;
				CLANG_WARN_DOCUMENTATION_COMMENTS = YES;
				CLANG_WARN_EMPTY_BODY = YES;
				CLANG_WARN_ENUM_CONVERSION = YES;
				CLANG_WARN_INFINITE_RECURSION = YES;
				CLANG_WARN_INT_CONVERSION = YES;
				CLANG_WARN_NON_LITERAL_NULL_CONVERSION = YES;
				CLANG_WARN_OBJC_IMPLICIT_RETAIN_SELF = YES;
				CLANG_WARN_OBJC_LITERAL_CONVERSION = YES;
				CLANG_WARN_OBJC_ROOT_CLASS = YES_ERROR;
				CLANG_WARN_QUOTED_INCLUDE_IN_FRAMEWORK_HEADER = YES;
				CLANG_WARN_RANGE_LOOP_ANALYSIS = YES;
				CLANG_WARN_STRICT_PROTOTYPES = YES;
				CLANG_WARN_SUSPICIOUS_MOVE = YES;
				CLANG_WARN_UNGUARDED_AVAILABILITY = YES_AGGRESSIVE;
				CLANG_WARN_UNREACHABLE_CODE = YES;
				CLANG_WARN__DUPLICATE_METHOD_MATCH = YES;
				COPY_PHASE_STRIP = NO;
				DEBUG_INFORMATION_FORMAT = dwarf;
				ENABLE_STRICT_OBJC_MSGSEND = YES;
				ENABLE_TESTABILITY = YES;
				GCC_C_LANGUAGE_STANDARD = gnu11;
				GCC_DYNAMIC_NO_PIC = NO;
				GCC_NO_COMMON_BLOCKS = YES;
				GCC_OPTIMIZATION_LEVEL = 0;
				GCC_PREPROCESSOR_DEFINITIONS = (
					"DEBUG=1",
					"$(inherited)",
				);
				GCC_WARN_64_TO_32_BIT_CONVERSION = YES;
				GCC_WARN_ABOUT_RETURN_TYPE = YES_ERROR;
				GCC_WARN_UNDECLARED_SELECTOR = YES;
				GCC_WARN_UNINITIALIZED_AUTOS = YES_AGGRESSIVE;
				GCC_WARN_UNUSED_FUNCTION = YES;
				GCC_WARN_UNUSED_VARIABLE = YES;
				MACOSX_DEPLOYMENT_TARGET = 12.3;
				MTL_ENABLE_DEBUG_INFO = INCLUDE_SOURCE;
				MTL_FAST_MATH = YES;
				ONLY_ACTIVE_ARCH = YES;
				SDKROOT = macosx;
			};
			name = Debug;
		};
		4873D2B5283C50A500B52223 /* Release */ = {
			isa = XCBuildConfiguration;
			buildSettings = {
				ALWAYS_SEARCH_USER_PATHS = NO;
				CLANG_ANALYZER_NONNULL = YES;
				CLANG_ANALYZER_NUMBER_OBJECT_CONVERSION = YES_AGGRESSIVE;
				CLANG_CXX_LANGUAGE_STANDARD = "c++20";
				CLANG_ENABLE_MODULES = YES;
				CLANG_ENABLE_OBJC_ARC = YES;
				CLANG_ENABLE_OBJC_WEAK = YES;
				CLANG_WARN_BLOCK_CAPTURE_AUTORELEASING = YES;
				CLANG_WARN_BOOL_CONVERSION = YES;
				CLANG_WARN_COMMA = YES;
				CLANG_WARN_CONSTANT_CONVERSION = YES;
				CLANG_WARN_DEPRECATED_OBJC_IMPLEMENTATIONS = YES;
				CLANG_WARN_DIRECT_OBJC_ISA_USAGE = YES_ERROR;
				CLANG_WARN_DOCUMENTATION_COMMENTS = YES;
				CLANG_WARN_EMPTY_BODY = YES;
				CLANG_WARN_ENUM_CONVERSION = YES;
				CLANG_WARN_INFINITE_RECURSION = YES;
				CLANG_WARN_INT_CONVERSION = YES;
				CLANG_WARN_NON_LITERAL_NULL_CONVERSION = YES;
				CLANG_WARN_OBJC_IMPLICIT_RETAIN_SELF = YES;
				CLANG_WARN_OBJC_LITERAL_CONVERSION = YES;
				CLANG_WARN_OBJC_ROOT_CLASS = YES_ERROR;
				CLANG_WARN_QUOTED_INCLUDE_IN_FRAMEWORK_HEADER = YES;
				CLANG_WARN_RANGE_LOOP_ANALYSIS = YES;
				CLANG_WARN_STRICT_PROTOTYPES = YES;
				CLANG_WARN_SUSPICIOUS_MOVE = YES;
				CLANG_WARN_UNGUARDED_AVAILABILITY = YES_AGGRESSIVE;
				CLANG_WARN_UNREACHABLE_CODE = YES;
				CLANG_WARN__DUPLICATE_METHOD_MATCH = YES;
				COPY_PHASE_STRIP = NO;
				DEBUG_INFORMATION_FORMAT = "dwarf-with-dsym";
				ENABLE_NS_ASSERTIONS = NO;
				ENABLE_STRICT_OBJC_MSGSEND = YES;
				GCC_C_LANGUAGE_STANDARD = gnu11;
				GCC_NO_COMMON_BLOCKS = YES;
				GCC_WARN_64_TO_32_BIT_CONVERSION = YES;
				GCC_WARN_ABOUT_RETURN_TYPE = YES_ERROR;
				GCC_WARN_UNDECLARED_SELECTOR = YES;
				GCC_WARN_UNINITIALIZED_AUTOS = YES_AGGRESSIVE;
				GCC_WARN_UNUSED_FUNCTION = YES;
				GCC_WARN_UNUSED_VARIABLE = YES;
				MACOSX_DEPLOYMENT_TARGET = 12.3;
				MTL_ENABLE_DEBUG_INFO = NO;
				MTL_FAST_MATH = YES;
				SDKROOT = macosx;
			};
			name = Release;
		};
		4873D2B7283C50A500B52223 /* Debug */ = {
			isa = XCBuildConfiguration;
			buildSettings = {
				CODE_SIGN_STYLE = Automatic;
				PRODUCT_NAME = "$(TARGET_NAME)";
			};
			name = Debug;
		};
		4873D2B8283C50A500B52223 /* Release */ = {
			isa = XCBuildConfiguration;
			buildSettings = {
				CODE_SIGN_STYLE = Automatic;
				PRODUCT_NAME = "$(TARGET_NAME)";
			};
			name = Release;
		};
/* End XCBuildConfiguration section */

/* Begin XCConfigurationList section */
		4873D2AA283C50A500B52223 /* Build configuration list for PBXProject "gb_emulator" */ = {
			isa = XCConfigurationList;
			buildConfigurations = (
				4873D2B4283C50A500B52223 /* Debug */,
				4873D2B5283C50A500B52223 /* Release */,
			);
			defaultConfigurationIsVisible = 0;
			defaultConfigurationName = Release;
		};
		4873D2B6283C50A500B52223 /* Build configuration list for PBXNativeTarget "gb_emulator" */ = {
			isa = XCConfigurationList;
			buildConfigurations = (
				4873D2B7283C50A500B52223 /* Debug */,
				4873D2B8283C50A500B52223 /* Release */,
			);
			defaultConfigurationIsVisible = 0;
			defaultConfigurationName = Release;
		};
/* End XCConfigurationList section */
	};
	rootObject = 4873D2A7283C50A500B52223 /* Project object */;
}
